<?xml version="1.0" encoding="utf-8"?>
<Project ToolsVersion="4.0" xmlns="http://schemas.microsoft.com/developer/msbuild/2003">
  <ItemGroup>
    <Filter Include="Source Files">
      <UniqueIdentifier>{4FC737F1-C7A5-4376-A066-2A32D752A2FF}</UniqueIdentifier>
      <Extensions>cpp;c;cc;cxx;def;odl;idl;hpj;bat;asm;asmx</Extensions>
    </Filter>
    <Filter Include="Header Files">
      <UniqueIdentifier>{93995380-89BD-4b04-88EB-625FBE52EBFB}</UniqueIdentifier>
      <Extensions>h;hpp;hxx;hm;inl;inc;xsd</Extensions>
    </Filter>
    <Filter Include="Resource Files">
      <UniqueIdentifier>{67DA6AB6-F800-4c08-8B7A-83BB121AAD01}</UniqueIdentifier>
      <Extensions>rc;ico;cur;bmp;dlg;rc2;rct;bin;rgs;gif;jpg;jpeg;jpe;resx;tiff;tif;png;wav;mfcribbon-ms</Extensions>
    </Filter>
    <Filter Include="servidor">
      <UniqueIdentifier>{717805c7-bb83-4dac-82a9-7da07ed1803f}</UniqueIdentifier>
    </Filter>
    <Filter Include="util">
      <UniqueIdentifier>{955137b9-2d7a-4481-9646-c2412aafd589}</UniqueIdentifier>
    </Filter>
    <Filter Include="protocolo">
      <UniqueIdentifier>{b4d7ca02-addc-4041-8907-fd8624ff1b85}</UniqueIdentifier>
    </Filter>
    <Filter Include="modelo">
      <UniqueIdentifier>{d583bb56-2038-4bf6-a89d-fcb67bb638cd}</UniqueIdentifier>
    </Filter>
    <Filter Include="banco">
      <UniqueIdentifier>{eec1e9c4-81d5-47c4-90a7-dd7c90eb47e4}</UniqueIdentifier>
    </Filter>
  </ItemGroup>
  <ItemGroup>
    <ClInclude Include="stdafx.h">
      <Filter>Header Files</Filter>
    </ClInclude>
    <ClInclude Include="targetver.h">
      <Filter>Header Files</Filter>
    </ClInclude>
    <ClInclude Include="servidor\ClientSock.h">
      <Filter>servidor</Filter>
    </ClInclude>
    <ClInclude Include="servidor\ConnServerWin.h">
      <Filter>servidor</Filter>
    </ClInclude>
    <ClInclude Include="protocolo\ProtocoloPartida.h">
      <Filter>protocolo</Filter>
    </ClInclude>
    <ClInclude Include="modelo\Player.h">
      <Filter>modelo</Filter>
    </ClInclude>
    <ClInclude Include="banco\DBUsuario.h">
      <Filter>banco</Filter>
    </ClInclude>
    <ClInclude Include="banco\ConnSQLite.h">
      <Filter>banco</Filter>
    </ClInclude>
    <ClInclude Include="util\Constantes.h">
      <Filter>util</Filter>
    </ClInclude>
    <ClInclude Include="banco\Resultsets.h">
      <Filter>banco</Filter>
    </ClInclude>
  </ItemGroup>
  <ItemGroup>
    <ClCompile Include="stdafx.cpp">
      <Filter>Source Files</Filter>
    </ClCompile>
    <ClCompile Include="Main.cpp">
      <Filter>Source Files</Filter>
    </ClCompile>
    <ClCompile Include="servidor\ClientSock.cpp">
      <Filter>servidor</Filter>
    </ClCompile>
    <ClCompile Include="servidor\ConnServerWin.cpp">
      <Filter>servidor</Filter>
    </ClCompile>
    <ClCompile Include="modelo\Player.cpp">
      <Filter>modelo</Filter>
    </ClCompile>
    <ClCompile Include="banco\BDUsuario.cpp">
      <Filter>banco</Filter>
    </ClCompile>
    <ClCompile Include="banco\ConnSQLite.cpp">
      <Filter>banco</Filter>
    </ClCompile>
  </ItemGroup>
</Project>